
Microsoft Visual Studio Solution File, Format Version 12.00
# Visual Studio Version 17
VisualStudioVersion = 17.8.34408.163
MinimumVisualStudioVersion = 10.0.40219.1
Project("{FAE04EC0-301F-11D3-BF4B-00C04F79EFBC}") = "Olio ohjelmoinnin eka tunti", "Olio ohjelmoinnin eka tunti\Olio ohjelmoinnin eka tunti.csproj", "{D989203B-6764-4E78-AADA-C37D5119BB83}"
EndProject
Project("{9A19103F-16F7-4668-BE54-9A1E7A4F7556}") = "BookExercise", "BookExercise\BookExercise.csproj", "{57135259-551D-454F-A392-043F8F074CAC}"
EndProject
Project("{FAE04EC0-301F-11D3-BF4B-00C04F79EFBC}") = "CarExercise", "Car\CarExercise.csproj", "{C4FAB8FD-0E3F-4580-9D04-6A38479079F9}"
EndProject
Project("{FAE04EC0-301F-11D3-BF4B-00C04F79EFBC}") = "CompanyExercise1", "CompanyExercise1\CompanyExercise1.csproj", "{0FA9C7C8-17A0-4FEC-B981-01E19461EBAF}"
EndProject
Project("{FAE04EC0-301F-11D3-BF4B-00C04F79EFBC}") = "CatExercise", "..\..\..\OneDrive - LUT University\Ohjelmoinnin perusteet\EmployeeExercise\CatExercise.csproj", "{43E2E109-D6C0-4501-A293-40324F55772C}"
EndProject
Project("{FAE04EC0-301F-11D3-BF4B-00C04F79EFBC}") = "EmployeeExercise", "EmployeeExercise\EmployeeExercise.csproj", "{283BB460-093B-481F-9B0B-4E41BE80CA61}"
EndProject
Global
	GlobalSection(SolutionConfigurationPlatforms) = preSolution
		Debug|Any CPU = Debug|Any CPU
		Release|Any CPU = Release|Any CPU
	EndGlobalSection
	GlobalSection(ProjectConfigurationPlatforms) = postSolution
		{D989203B-6764-4E78-AADA-C37D5119BB83}.Debug|Any CPU.ActiveCfg = Debug|Any CPU
		{D989203B-6764-4E78-AADA-C37D5119BB83}.Debug|Any CPU.Build.0 = Debug|Any CPU
		{D989203B-6764-4E78-AADA-C37D5119BB83}.Release|Any CPU.ActiveCfg = Release|Any CPU
		{D989203B-6764-4E78-AADA-C37D5119BB83}.Release|Any CPU.Build.0 = Release|Any CPU
		{57135259-551D-454F-A392-043F8F074CAC}.Debug|Any CPU.ActiveCfg = Debug|Any CPU
		{57135259-551D-454F-A392-043F8F074CAC}.Debug|Any CPU.Build.0 = Debug|Any CPU
		{57135259-551D-454F-A392-043F8F074CAC}.Release|Any CPU.ActiveCfg = Release|Any CPU
		{57135259-551D-454F-A392-043F8F074CAC}.Release|Any CPU.Build.0 = Release|Any CPU
		{C4FAB8FD-0E3F-4580-9D04-6A38479079F9}.Debug|Any CPU.ActiveCfg = Debug|Any CPU
		{C4FAB8FD-0E3F-4580-9D04-6A38479079F9}.Debug|Any CPU.Build.0 = Debug|Any CPU
		{C4FAB8FD-0E3F-4580-9D04-6A38479079F9}.Release|Any CPU.ActiveCfg = Release|Any CPU
		{C4FAB8FD-0E3F-4580-9D04-6A38479079F9}.Release|Any CPU.Build.0 = Release|Any CPU
		{0FA9C7C8-17A0-4FEC-B981-01E19461EBAF}.Debug|Any CPU.ActiveCfg = Debug|Any CPU
		{0FA9C7C8-17A0-4FEC-B981-01E19461EBAF}.Debug|Any CPU.Build.0 = Debug|Any CPU
		{0FA9C7C8-17A0-4FEC-B981-01E19461EBAF}.Release|Any CPU.ActiveCfg = Release|Any CPU
		{0FA9C7C8-17A0-4FEC-B981-01E19461EBAF}.Release|Any CPU.Build.0 = Release|Any CPU
		{43E2E109-D6C0-4501-A293-40324F55772C}.Debug|Any CPU.ActiveCfg = Debug|Any CPU
		{43E2E109-D6C0-4501-A293-40324F55772C}.Debug|Any CPU.Build.0 = Debug|Any CPU
		{43E2E109-D6C0-4501-A293-40324F55772C}.Release|Any CPU.ActiveCfg = Release|Any CPU
		{43E2E109-D6C0-4501-A293-40324F55772C}.Release|Any CPU.Build.0 = Release|Any CPU
		{283BB460-093B-481F-9B0B-4E41BE80CA61}.Debug|Any CPU.ActiveCfg = Debug|Any CPU
		{283BB460-093B-481F-9B0B-4E41BE80CA61}.Debug|Any CPU.Build.0 = Debug|Any CPU
		{283BB460-093B-481F-9B0B-4E41BE80CA61}.Release|Any CPU.ActiveCfg = Release|Any CPU
		{283BB460-093B-481F-9B0B-4E41BE80CA61}.Release|Any CPU.Build.0 = Release|Any CPU
	EndGlobalSection
	GlobalSection(SolutionProperties) = preSolution
		HideSolutionNode = FALSE
	EndGlobalSection
	GlobalSection(ExtensibilityGlobals) = postSolution
		SolutionGuid = {30F9BF80-D811-42BD-9BFC-C8D14A9083F8}
	EndGlobalSection
EndGlobal
