
Microsoft Visual Studio Solution File, Format Version 12.00
# Visual Studio Version 17
VisualStudioVersion = 17.8.34408.163
MinimumVisualStudioVersion = 10.0.40219.1
Project("{FAE04EC0-301F-11D3-BF4B-00C04F79EFBC}") = "Olio ohjelmoinnin eka tunti", "Olio ohjelmoinnin eka tunti\Olio ohjelmoinnin eka tunti.csproj", "{D989203B-6764-4E78-AADA-C37D5119BB83}"
EndProject
Global
	GlobalSection(SolutionConfigurationPlatforms) = preSolution
		Debug|Any CPU = Debug|Any CPU
		Release|Any CPU = Release|Any CPU
	EndGlobalSection
	GlobalSection(ProjectConfigurationPlatforms) = postSolution
		{D989203B-6764-4E78-AADA-C37D5119BB83}.Debug|Any CPU.ActiveCfg = Debug|Any CPU
		{D989203B-6764-4E78-AADA-C37D5119BB83}.Debug|Any CPU.Build.0 = Debug|Any CPU
		{D989203B-6764-4E78-AADA-C37D5119BB83}.Release|Any CPU.ActiveCfg = Release|Any CPU
		{D989203B-6764-4E78-AADA-C37D5119BB83}.Release|Any CPU.Build.0 = Release|Any CPU
	EndGlobalSection
	GlobalSection(SolutionProperties) = preSolution
		HideSolutionNode = FALSE
	EndGlobalSection
	GlobalSection(ExtensibilityGlobals) = postSolution
		SolutionGuid = {30F9BF80-D811-42BD-9BFC-C8D14A9083F8}
	EndGlobalSection
EndGlobal
